
Microsoft Visual Studio Solution File, Format Version 12.00
# Visual Studio 15
VisualStudioVersion = 15.0.26730.15
MinimumVisualStudioVersion = 10.0.40219.1
Project("{FAE04EC0-301F-11D3-BF4B-00C04F79EFBC}") = "Tavisca.Person", "Tavisca.Person\Tavisca.Person.csproj", "{1E762DCF-81AB-4CFF-992F-26B2C59C53A5}"
EndProject
Project("{FAE04EC0-301F-11D3-BF4B-00C04F79EFBC}") = "Tavisca.Person.Services", "Tavisca.Person.Services\Tavisca.Person.Services.csproj", "{29A46778-755B-4B02-80B0-413CABDEC043}"
EndProject
Global
	GlobalSection(SolutionConfigurationPlatforms) = preSolution
		Debug|Any CPU = Debug|Any CPU
		Release|Any CPU = Release|Any CPU
	EndGlobalSection
	GlobalSection(ProjectConfigurationPlatforms) = postSolution
		{1E762DCF-81AB-4CFF-992F-26B2C59C53A5}.Debug|Any CPU.ActiveCfg = Debug|Any CPU
		{1E762DCF-81AB-4CFF-992F-26B2C59C53A5}.Debug|Any CPU.Build.0 = Debug|Any CPU
		{1E762DCF-81AB-4CFF-992F-26B2C59C53A5}.Release|Any CPU.ActiveCfg = Release|Any CPU
		{1E762DCF-81AB-4CFF-992F-26B2C59C53A5}.Release|Any CPU.Build.0 = Release|Any CPU
		{29A46778-755B-4B02-80B0-413CABDEC043}.Debug|Any CPU.ActiveCfg = Debug|Any CPU
		{29A46778-755B-4B02-80B0-413CABDEC043}.Debug|Any CPU.Build.0 = Debug|Any CPU
		{29A46778-755B-4B02-80B0-413CABDEC043}.Release|Any CPU.ActiveCfg = Release|Any CPU
		{29A46778-755B-4B02-80B0-413CABDEC043}.Release|Any CPU.Build.0 = Release|Any CPU
	EndGlobalSection
	GlobalSection(SolutionProperties) = preSolution
		HideSolutionNode = FALSE
	EndGlobalSection
	GlobalSection(ExtensibilityGlobals) = postSolution
		SolutionGuid = {042D9F7B-E138-4ED3-9C47-E473B7560C1E}
	EndGlobalSection
EndGlobal
